<Project xmlns="http://schemas.microsoft.com/developer/msbuild/2003">
  <PropertyGroup>
    <ProjectGuid>{9ab355df-21c8-4b2a-a86d-84710621a30f}</ProjectGuid>
    <MainSource>ViewZip.dpr</MainSource>
    <Configuration Condition=" '$(Configuration)' == '' ">Debug</Configuration>
    <Platform Condition=" '$(Platform)' == '' ">AnyCPU</Platform>
    <DCC_DCCCompiler>DCC32</DCC_DCCCompiler>
    <DCC_DependencyCheckOutputName>ViewZip.exe</DCC_DependencyCheckOutputName>
  </PropertyGroup>
  <PropertyGroup Condition=" '$(Configuration)|$(Platform)' == 'Release|AnyCPU' ">
    <Version>7.0</Version>
    <DCC_DebugInformation>False</DCC_DebugInformation>
    <DCC_LocalDebugSymbols>False</DCC_LocalDebugSymbols>
    <DCC_SymbolReferenceInfo>0</DCC_SymbolReferenceInfo>
    <DCC_Define>RELEASE</DCC_Define>
  </PropertyGroup>
  <PropertyGroup Condition=" '$(Configuration)|$(Platform)' == 'Debug|AnyCPU' ">
    <Version>7.0</Version>
    <DCC_Define>DEBUG</DCC_Define>
    <DCC_UnitSearchPath>..\..\</DCC_UnitSearchPath>
    <DCC_ResourcePath>..\..\</DCC_ResourcePath>
    <DCC_ObjPath>..\..\</DCC_ObjPath>
    <DCC_IncludePath>..\..\</DCC_IncludePath>
  </PropertyGroup>
  <ProjectExtensions>
    <Borland.Personality>Delphi.Personality</Borland.Personality>
    <Borland.ProjectType>VCLApplication</Borland.ProjectType>
    <BorlandProject>
<BorlandProject xmlns=""> <Delphi.Personality>   <Parameters>
      <Parameters Name="UseLauncher">False</Parameters>
      <Parameters Name="LoadAllSymbols">True</Parameters>
      <Parameters Name="LoadUnspecifiedSymbols">False</Parameters>
    </Parameters>
    <VersionInfo>
      <VersionInfo Name="IncludeVerInfo">True</VersionInfo>
      <VersionInfo Name="AutoIncBuild">False</VersionInfo>
      <VersionInfo Name="MajorVer">1</VersionInfo>
      <VersionInfo Name="MinorVer">9</VersionInfo>
      <VersionInfo Name="Release">0</VersionInfo>
      <VersionInfo Name="Build">102</VersionInfo>
      <VersionInfo Name="Debug">False</VersionInfo>
      <VersionInfo Name="PreRelease">False</VersionInfo>
      <VersionInfo Name="Special">False</VersionInfo>
      <VersionInfo Name="Private">False</VersionInfo>
      <VersionInfo Name="DLL">False</VersionInfo>
      <VersionInfo Name="Locale">1033</VersionInfo>
      <VersionInfo Name="CodePage">1252</VersionInfo>
    </VersionInfo>
    <VersionInfoKeys>
      <VersionInfoKeys Name="CompanyName">DelphiZip</VersionInfoKeys>
      <VersionInfoKeys Name="FileDescription">ZipMaster Demo</VersionInfoKeys>
      <VersionInfoKeys Name="FileVersion">1.9.0.0102</VersionInfoKeys>
      <VersionInfoKeys Name="InternalName">ViewZip.exe</VersionInfoKeys>
      <VersionInfoKeys Name="LegalCopyright">Copyright © 2010, Russell Peters</VersionInfoKeys>
      <VersionInfoKeys Name="LegalTrademarks"></VersionInfoKeys>
      <VersionInfoKeys Name="OriginalFilename">ViewZip.exe</VersionInfoKeys>
      <VersionInfoKeys Name="ProductName">ZipMaster.Demo4</VersionInfoKeys>
      <VersionInfoKeys Name="ProductVersion">1.9.0</VersionInfoKeys>
      <VersionInfoKeys Name="Comments">demonstration only</VersionInfoKeys>
    </VersionInfoKeys>
    <Source>
      <Source Name="MainSource">ViewZip.dpr</Source>
    </Source>
  </Delphi.Personality> </BorlandProject></BorlandProject>
  </ProjectExtensions>
  <ItemGroup />
  <ItemGroup>
    <DelphiCompile Include="ViewZip.dpr">
      <MainSource>MainSource</MainSource>
    </DelphiCompile>
    <DCCReference Include="..\SortGrid\SortGrid.pas" />
    <DCCReference Include="..\SortGrid\SortGridPreview.pas">
      <Form>SortGridPreviewForm</Form>
    </DCCReference>
    <DCCReference Include="InstUnit.pas">
      <Form>InstForm</Form>
    </DCCReference>
    <DCCReference Include="Unit1.pas">
      <Form>Form1</Form>
    </DCCReference>
  </ItemGroup>
  <Import Project="$(MSBuildBinPath)\Borland.Delphi.Targets" />
</Project>